
Microsoft Visual Studio Solution File, Format Version 12.00
# Visual Studio 15
VisualStudioVersion = 15.0.27703.2026
MinimumVisualStudioVersion = 10.0.40219.1
Project("{262852C6-CD72-467D-83FE-5EEB1973A190}") = "AITPlatform", "AITPlatform\AITPlatform.jsproj", "{13ED1B21-D38E-4950-94A7-F64D4A70AA2C}"
EndProject
Global
	GlobalSection(SolutionConfigurationPlatforms) = preSolution
		Debug|Android = Debug|Android
		Debug|iOS = Debug|iOS
		Debug|Windows-ARM = Debug|Windows-ARM
		Debug|Windows-x64 = Debug|Windows-x64
		Debug|Windows-x86 = Debug|Windows-x86
		Release|Android = Release|Android
		Release|iOS = Release|iOS
		Release|Windows-ARM = Release|Windows-ARM
		Release|Windows-x64 = Release|Windows-x64
		Release|Windows-x86 = Release|Windows-x86
	EndGlobalSection
	GlobalSection(ProjectConfigurationPlatforms) = postSolution
		{13ED1B21-D38E-4950-94A7-F64D4A70AA2C}.Debug|Android.ActiveCfg = Debug|Android
		{13ED1B21-D38E-4950-94A7-F64D4A70AA2C}.Debug|Android.Build.0 = Debug|Android
		{13ED1B21-D38E-4950-94A7-F64D4A70AA2C}.Debug|Android.Deploy.0 = Debug|Android
		{13ED1B21-D38E-4950-94A7-F64D4A70AA2C}.Debug|iOS.ActiveCfg = Debug|iOS
		{13ED1B21-D38E-4950-94A7-F64D4A70AA2C}.Debug|iOS.Build.0 = Debug|iOS
		{13ED1B21-D38E-4950-94A7-F64D4A70AA2C}.Debug|iOS.Deploy.0 = Debug|iOS
		{13ED1B21-D38E-4950-94A7-F64D4A70AA2C}.Debug|Windows-ARM.ActiveCfg = Debug|Windows-ARM
		{13ED1B21-D38E-4950-94A7-F64D4A70AA2C}.Debug|Windows-ARM.Build.0 = Debug|Windows-ARM
		{13ED1B21-D38E-4950-94A7-F64D4A70AA2C}.Debug|Windows-ARM.Deploy.0 = Debug|Windows-ARM
		{13ED1B21-D38E-4950-94A7-F64D4A70AA2C}.Debug|Windows-x64.ActiveCfg = Debug|Windows-x64
		{13ED1B21-D38E-4950-94A7-F64D4A70AA2C}.Debug|Windows-x64.Build.0 = Debug|Windows-x64
		{13ED1B21-D38E-4950-94A7-F64D4A70AA2C}.Debug|Windows-x64.Deploy.0 = Debug|Windows-x64
		{13ED1B21-D38E-4950-94A7-F64D4A70AA2C}.Debug|Windows-x86.ActiveCfg = Debug|Windows-x86
		{13ED1B21-D38E-4950-94A7-F64D4A70AA2C}.Debug|Windows-x86.Build.0 = Debug|Windows-x86
		{13ED1B21-D38E-4950-94A7-F64D4A70AA2C}.Debug|Windows-x86.Deploy.0 = Debug|Windows-x86
		{13ED1B21-D38E-4950-94A7-F64D4A70AA2C}.Release|Android.ActiveCfg = Release|Android
		{13ED1B21-D38E-4950-94A7-F64D4A70AA2C}.Release|Android.Build.0 = Release|Android
		{13ED1B21-D38E-4950-94A7-F64D4A70AA2C}.Release|Android.Deploy.0 = Release|Android
		{13ED1B21-D38E-4950-94A7-F64D4A70AA2C}.Release|iOS.ActiveCfg = Release|iOS
		{13ED1B21-D38E-4950-94A7-F64D4A70AA2C}.Release|iOS.Build.0 = Release|iOS
		{13ED1B21-D38E-4950-94A7-F64D4A70AA2C}.Release|iOS.Deploy.0 = Release|iOS
		{13ED1B21-D38E-4950-94A7-F64D4A70AA2C}.Release|Windows-ARM.ActiveCfg = Release|Windows-ARM
		{13ED1B21-D38E-4950-94A7-F64D4A70AA2C}.Release|Windows-ARM.Build.0 = Release|Windows-ARM
		{13ED1B21-D38E-4950-94A7-F64D4A70AA2C}.Release|Windows-ARM.Deploy.0 = Release|Windows-ARM
		{13ED1B21-D38E-4950-94A7-F64D4A70AA2C}.Release|Windows-x64.ActiveCfg = Release|Windows-x64
		{13ED1B21-D38E-4950-94A7-F64D4A70AA2C}.Release|Windows-x64.Build.0 = Release|Windows-x64
		{13ED1B21-D38E-4950-94A7-F64D4A70AA2C}.Release|Windows-x64.Deploy.0 = Release|Windows-x64
		{13ED1B21-D38E-4950-94A7-F64D4A70AA2C}.Release|Windows-x86.ActiveCfg = Release|Windows-x86
		{13ED1B21-D38E-4950-94A7-F64D4A70AA2C}.Release|Windows-x86.Build.0 = Release|Windows-x86
		{13ED1B21-D38E-4950-94A7-F64D4A70AA2C}.Release|Windows-x86.Deploy.0 = Release|Windows-x86
	EndGlobalSection
	GlobalSection(SolutionProperties) = preSolution
		HideSolutionNode = FALSE
	EndGlobalSection
	GlobalSection(ExtensibilityGlobals) = postSolution
		SolutionGuid = {B4283697-C03F-4052-A335-CDEF9AAD1030}
	EndGlobalSection
EndGlobal
